
Microsoft Visual Studio Solution File, Format Version 12.00
# Visual Studio Express 14 for Windows Desktop
VisualStudioVersion = 14.0.24720.0
MinimumVisualStudioVersion = 10.0.40219.1
Project("{FAE04EC0-301F-11D3-BF4B-00C04F79EFBC}") = "MetaImageViewer", "MetaImageViewer\MetaImageViewer.csproj", "{47075662-F0CC-417C-82DB-E8E282FF7C9C}"
EndProject
Project("{D954291E-2A0B-460D-934E-DC6B0785DB48}") = "Utility", "Utility\Utility.shproj", "{42AB21E2-202C-4001-9578-5E8D166B9B6C}"
EndProject
Project("{D954291E-2A0B-460D-934E-DC6B0785DB48}") = "XamlTools", "XamlTools\XamlTools.shproj", "{19C859C2-CD1F-4A28-BBF5-615CC5F7427F}"
EndProject
Project("{FAE04EC0-301F-11D3-BF4B-00C04F79EFBC}") = "Launcher", "Launcher\Launcher.csproj", "{F52B51B1-9D7C-4722-9CE4-38A9E317AA3B}"
EndProject
Global
	GlobalSection(SharedMSBuildProjectFiles) = preSolution
		XamlTools\XamlTools.projitems*{19c859c2-cd1f-4a28-bbf5-615cc5f7427f}*SharedItemsImports = 13
		Utility\Utility.projitems*{42ab21e2-202c-4001-9578-5e8d166b9b6c}*SharedItemsImports = 13
		XamlTools\XamlTools.projitems*{47075662-f0cc-417c-82db-e8e282ff7c9c}*SharedItemsImports = 4
		Utility\Utility.projitems*{47075662-f0cc-417c-82db-e8e282ff7c9c}*SharedItemsImports = 4
	EndGlobalSection
	GlobalSection(SolutionConfigurationPlatforms) = preSolution
		Debug|Any CPU = Debug|Any CPU
		Debug|x86 = Debug|x86
		Release|Any CPU = Release|Any CPU
		Release|x86 = Release|x86
	EndGlobalSection
	GlobalSection(ProjectConfigurationPlatforms) = postSolution
		{47075662-F0CC-417C-82DB-E8E282FF7C9C}.Debug|Any CPU.ActiveCfg = Debug|Any CPU
		{47075662-F0CC-417C-82DB-E8E282FF7C9C}.Debug|Any CPU.Build.0 = Debug|Any CPU
		{47075662-F0CC-417C-82DB-E8E282FF7C9C}.Debug|x86.ActiveCfg = Debug|x86
		{47075662-F0CC-417C-82DB-E8E282FF7C9C}.Debug|x86.Build.0 = Debug|x86
		{47075662-F0CC-417C-82DB-E8E282FF7C9C}.Release|Any CPU.ActiveCfg = Release|Any CPU
		{47075662-F0CC-417C-82DB-E8E282FF7C9C}.Release|Any CPU.Build.0 = Release|Any CPU
		{47075662-F0CC-417C-82DB-E8E282FF7C9C}.Release|x86.ActiveCfg = Release|x86
		{47075662-F0CC-417C-82DB-E8E282FF7C9C}.Release|x86.Build.0 = Release|x86
		{F52B51B1-9D7C-4722-9CE4-38A9E317AA3B}.Debug|Any CPU.ActiveCfg = Debug|Any CPU
		{F52B51B1-9D7C-4722-9CE4-38A9E317AA3B}.Debug|Any CPU.Build.0 = Debug|Any CPU
		{F52B51B1-9D7C-4722-9CE4-38A9E317AA3B}.Debug|x86.ActiveCfg = Debug|Any CPU
		{F52B51B1-9D7C-4722-9CE4-38A9E317AA3B}.Debug|x86.Build.0 = Debug|Any CPU
		{F52B51B1-9D7C-4722-9CE4-38A9E317AA3B}.Release|Any CPU.ActiveCfg = Release|Any CPU
		{F52B51B1-9D7C-4722-9CE4-38A9E317AA3B}.Release|Any CPU.Build.0 = Release|Any CPU
		{F52B51B1-9D7C-4722-9CE4-38A9E317AA3B}.Release|x86.ActiveCfg = Release|Any CPU
		{F52B51B1-9D7C-4722-9CE4-38A9E317AA3B}.Release|x86.Build.0 = Release|Any CPU
	EndGlobalSection
	GlobalSection(SolutionProperties) = preSolution
		HideSolutionNode = FALSE
	EndGlobalSection
EndGlobal
